
Microsoft Visual Studio Solution File, Format Version 12.00
# Visual Studio Version 17
VisualStudioVersion = 17.5.33414.496
MinimumVisualStudioVersion = 10.0.40219.1
Project("{888888A0-9F3D-457C-B088-3A5042F75D52}") = "lesson6_exercise2", "lesson6_exercise2.pyproj", "{CEF62BF9-D0ED-448F-B729-0735B5443A09}"
EndProject
Global
	GlobalSection(SolutionConfigurationPlatforms) = preSolution
		Debug|Any CPU = Debug|Any CPU
		Release|Any CPU = Release|Any CPU
	EndGlobalSection
	GlobalSection(ProjectConfigurationPlatforms) = postSolution
		{CEF62BF9-D0ED-448F-B729-0735B5443A09}.Debug|Any CPU.ActiveCfg = Debug|Any CPU
		{CEF62BF9-D0ED-448F-B729-0735B5443A09}.Release|Any CPU.ActiveCfg = Release|Any CPU
	EndGlobalSection
	GlobalSection(SolutionProperties) = preSolution
		HideSolutionNode = FALSE
	EndGlobalSection
	GlobalSection(ExtensibilityGlobals) = postSolution
		SolutionGuid = {8B10B628-9191-4BEC-B156-2BD13293AEF4}
	EndGlobalSection
EndGlobal
